{
  "name": "burnt-auctions",
  "version": "0.0.0",
  "lockfileVersion": 2,
  "requires": true,
  "packages": {
    "": {
      "name": "burnt-auctions",
      "version": "0.0.0",
      "devDependencies": {
        "@project-serum/anchor-cli": "^0.11.0"
      }
    },
    "node_modules/@project-serum/anchor-cli": {
      "version": "0.11.1",
      "resolved": "https://registry.npmjs.org/@project-serum/anchor-cli/-/anchor-cli-0.11.1.tgz",
      "integrity": "sha512-KMwX5goC+Yt1nia+tsBouzwjlSKYXGu5fktDvdQ7FfmbjHKcJdYuHDVERj2LorJPCdIc+8uJ05fRF9kk1RP5Wg==",
      "dev": true,
      "bin": {
        "anchor": "anchor.js"
      }
    }
  },
  "dependencies": {
    "@project-serum/anchor-cli": {
      "version": "0.11.1",
      "resolved": "https://registry.npmjs.org/@project-serum/anchor-cli/-/anchor-cli-0.11.1.tgz",
      "integrity": "sha512-KMwX5goC+Yt1nia+tsBouzwjlSKYXGu5fktDvdQ7FfmbjHKcJdYuHDVERj2LorJPCdIc+8uJ05fRF9kk1RP5Wg==",
      "dev": true
    }
  }
}
